
Microsoft Visual Studio Solution File, Format Version 12.00
# Visual Studio Version 16
VisualStudioVersion = 16.0.31613.86
MinimumVisualStudioVersion = 10.0.40219.1
Project("{FAE04EC0-301F-11D3-BF4B-00C04F79EFBC}") = "SOLID Practice", "SOLID Practice\SOLID Practice.csproj", "{DA07A357-2281-4C30-8289-C4809C990D7C}"
EndProject
Global
	GlobalSection(SolutionConfigurationPlatforms) = preSolution
		Debug|Any CPU = Debug|Any CPU
		Release|Any CPU = Release|Any CPU
	EndGlobalSection
	GlobalSection(ProjectConfigurationPlatforms) = postSolution
		{DA07A357-2281-4C30-8289-C4809C990D7C}.Debug|Any CPU.ActiveCfg = Debug|Any CPU
		{DA07A357-2281-4C30-8289-C4809C990D7C}.Debug|Any CPU.Build.0 = Debug|Any CPU
		{DA07A357-2281-4C30-8289-C4809C990D7C}.Release|Any CPU.ActiveCfg = Release|Any CPU
		{DA07A357-2281-4C30-8289-C4809C990D7C}.Release|Any CPU.Build.0 = Release|Any CPU
	EndGlobalSection
	GlobalSection(SolutionProperties) = preSolution
		HideSolutionNode = FALSE
	EndGlobalSection
	GlobalSection(ExtensibilityGlobals) = postSolution
		SolutionGuid = {C6D2F754-B13E-4896-AC20-A96605BF9B7B}
	EndGlobalSection
EndGlobal
